
Microsoft Visual Studio Solution File, Format Version 12.00
# Visual Studio 2013
VisualStudioVersion = 12.0.21005.1
MinimumVisualStudioVersion = 10.0.40219.1
Project("{FAE04EC0-301F-11D3-BF4B-00C04F79EFBC}") = "DataAccess", "DataAccess\DataAccess.csproj", "{F3E99B26-6F4A-4C21-8212-D443BE5CE2A0}"
EndProject
Project("{FAE04EC0-301F-11D3-BF4B-00C04F79EFBC}") = "MyProject", "MyProject\MyProject.csproj", "{00C53879-8924-4879-9674-92D21BFED3BF}"
EndProject
Project("{FAE04EC0-301F-11D3-BF4B-00C04F79EFBC}") = "MyProject.Tests", "MyProject.Tests\MyProject.Tests.csproj", "{15EA61E0-9B5E-4878-9CE6-DC772F868E02}"
EndProject
Global
	GlobalSection(SolutionConfigurationPlatforms) = preSolution
		Debug|Any CPU = Debug|Any CPU
		Release|Any CPU = Release|Any CPU
	EndGlobalSection
	GlobalSection(ProjectConfigurationPlatforms) = postSolution
		{F3E99B26-6F4A-4C21-8212-D443BE5CE2A0}.Debug|Any CPU.ActiveCfg = Debug|Any CPU
		{F3E99B26-6F4A-4C21-8212-D443BE5CE2A0}.Debug|Any CPU.Build.0 = Debug|Any CPU
		{F3E99B26-6F4A-4C21-8212-D443BE5CE2A0}.Release|Any CPU.ActiveCfg = Release|Any CPU
		{F3E99B26-6F4A-4C21-8212-D443BE5CE2A0}.Release|Any CPU.Build.0 = Release|Any CPU
		{00C53879-8924-4879-9674-92D21BFED3BF}.Debug|Any CPU.ActiveCfg = Debug|Any CPU
		{00C53879-8924-4879-9674-92D21BFED3BF}.Debug|Any CPU.Build.0 = Debug|Any CPU
		{00C53879-8924-4879-9674-92D21BFED3BF}.Release|Any CPU.ActiveCfg = Release|Any CPU
		{00C53879-8924-4879-9674-92D21BFED3BF}.Release|Any CPU.Build.0 = Release|Any CPU
		{15EA61E0-9B5E-4878-9CE6-DC772F868E02}.Debug|Any CPU.ActiveCfg = Debug|Any CPU
		{15EA61E0-9B5E-4878-9CE6-DC772F868E02}.Debug|Any CPU.Build.0 = Debug|Any CPU
		{15EA61E0-9B5E-4878-9CE6-DC772F868E02}.Release|Any CPU.ActiveCfg = Release|Any CPU
		{15EA61E0-9B5E-4878-9CE6-DC772F868E02}.Release|Any CPU.Build.0 = Release|Any CPU
	EndGlobalSection
	GlobalSection(SolutionProperties) = preSolution
		HideSolutionNode = FALSE
	EndGlobalSection
EndGlobal
