
Microsoft Visual Studio Solution File, Format Version 12.00
# Visual Studio Express 2013 for Web
VisualStudioVersion = 12.0.30723.0
MinimumVisualStudioVersion = 10.0.40219.1
Project("{FAE04EC0-301F-11D3-BF4B-00C04F79EFBC}") = "BusinessLayer", "BusinessLayer\BusinessLayer.csproj", "{B81E65DA-C3FA-4BB3-BD6F-BF0705851CEF}"
EndProject
Project("{FAE04EC0-301F-11D3-BF4B-00C04F79EFBC}") = "DataAccessLayer", "DataAccessLayer\DataAccessLayer.csproj", "{BA51B178-A35A-4848-990B-42089072024B}"
EndProject
Project("{FAE04EC0-301F-11D3-BF4B-00C04F79EFBC}") = "MyProject.Tests", "MyProject.Tests\MyProject.Tests.csproj", "{05A9368C-CC15-4DAE-AF60-820D045A346F}"
EndProject
Project("{FAE04EC0-301F-11D3-BF4B-00C04F79EFBC}") = "MyProject", "MyProject\MyProject.csproj", "{0281060E-B0F2-45BE-BBAE-2DFA3F90E306}"
EndProject
Global
	GlobalSection(SolutionConfigurationPlatforms) = preSolution
		Debug|Any CPU = Debug|Any CPU
		Release|Any CPU = Release|Any CPU
	EndGlobalSection
	GlobalSection(ProjectConfigurationPlatforms) = postSolution
		{B81E65DA-C3FA-4BB3-BD6F-BF0705851CEF}.Debug|Any CPU.ActiveCfg = Debug|Any CPU
		{B81E65DA-C3FA-4BB3-BD6F-BF0705851CEF}.Debug|Any CPU.Build.0 = Debug|Any CPU
		{B81E65DA-C3FA-4BB3-BD6F-BF0705851CEF}.Release|Any CPU.ActiveCfg = Release|Any CPU
		{B81E65DA-C3FA-4BB3-BD6F-BF0705851CEF}.Release|Any CPU.Build.0 = Release|Any CPU
		{BA51B178-A35A-4848-990B-42089072024B}.Debug|Any CPU.ActiveCfg = Debug|Any CPU
		{BA51B178-A35A-4848-990B-42089072024B}.Debug|Any CPU.Build.0 = Debug|Any CPU
		{BA51B178-A35A-4848-990B-42089072024B}.Release|Any CPU.ActiveCfg = Release|Any CPU
		{BA51B178-A35A-4848-990B-42089072024B}.Release|Any CPU.Build.0 = Release|Any CPU
		{05A9368C-CC15-4DAE-AF60-820D045A346F}.Debug|Any CPU.ActiveCfg = Debug|Any CPU
		{05A9368C-CC15-4DAE-AF60-820D045A346F}.Debug|Any CPU.Build.0 = Debug|Any CPU
		{05A9368C-CC15-4DAE-AF60-820D045A346F}.Release|Any CPU.ActiveCfg = Release|Any CPU
		{05A9368C-CC15-4DAE-AF60-820D045A346F}.Release|Any CPU.Build.0 = Release|Any CPU
		{0281060E-B0F2-45BE-BBAE-2DFA3F90E306}.Debug|Any CPU.ActiveCfg = Debug|Any CPU
		{0281060E-B0F2-45BE-BBAE-2DFA3F90E306}.Debug|Any CPU.Build.0 = Debug|Any CPU
		{0281060E-B0F2-45BE-BBAE-2DFA3F90E306}.Release|Any CPU.ActiveCfg = Release|Any CPU
		{0281060E-B0F2-45BE-BBAE-2DFA3F90E306}.Release|Any CPU.Build.0 = Release|Any CPU
	EndGlobalSection
	GlobalSection(SolutionProperties) = preSolution
		HideSolutionNode = FALSE
	EndGlobalSection
EndGlobal
